
Microsoft Visual Studio Solution File, Format Version 12.00
# Visual Studio Version 16
VisualStudioVersion = 16.0.30114.105
MinimumVisualStudioVersion = 10.0.40219.1
Project("{9A19103F-16F7-4668-BE54-9A1E7A4F7556}") = "NugLibEnforceCore", "NugLibEnforceCore\NugLibEnforceCore.csproj", "{1D0D76D5-6399-4F99-BC5D-9AA976FC625A}"
EndProject
Project("{9A19103F-16F7-4668-BE54-9A1E7A4F7556}") = "Consumer", "Consumer\Consumer.csproj", "{08303080-9208-47B5-B660-BB67061B2E14}"
EndProject
Project("{2150E333-8FDC-42A3-9474-1A3956D46DE8}") = "Common", "Common", "{4D6408E3-888F-49AC-8580-98447BAAEED9}"
EndProject
Global
	GlobalSection(SolutionConfigurationPlatforms) = preSolution
		Debug|Any CPU = Debug|Any CPU
		Release|Any CPU = Release|Any CPU
	EndGlobalSection
	GlobalSection(ProjectConfigurationPlatforms) = postSolution
		{1D0D76D5-6399-4F99-BC5D-9AA976FC625A}.Debug|Any CPU.ActiveCfg = Debug|Any CPU
		{1D0D76D5-6399-4F99-BC5D-9AA976FC625A}.Debug|Any CPU.Build.0 = Debug|Any CPU
		{1D0D76D5-6399-4F99-BC5D-9AA976FC625A}.Release|Any CPU.ActiveCfg = Release|Any CPU
		{1D0D76D5-6399-4F99-BC5D-9AA976FC625A}.Release|Any CPU.Build.0 = Release|Any CPU
		{08303080-9208-47B5-B660-BB67061B2E14}.Debug|Any CPU.ActiveCfg = Debug|Any CPU
		{08303080-9208-47B5-B660-BB67061B2E14}.Debug|Any CPU.Build.0 = Debug|Any CPU
		{08303080-9208-47B5-B660-BB67061B2E14}.Release|Any CPU.ActiveCfg = Release|Any CPU
		{08303080-9208-47B5-B660-BB67061B2E14}.Release|Any CPU.Build.0 = Release|Any CPU
	EndGlobalSection
	GlobalSection(SolutionProperties) = preSolution
		HideSolutionNode = FALSE
	EndGlobalSection
	GlobalSection(NestedProjects) = preSolution
		{1D0D76D5-6399-4F99-BC5D-9AA976FC625A} = {4D6408E3-888F-49AC-8580-98447BAAEED9}
	EndGlobalSection
	GlobalSection(ExtensibilityGlobals) = postSolution
		SolutionGuid = {5E116790-8E5A-4957-B237-C6C7FAAF778C}
	EndGlobalSection
EndGlobal
